
Microsoft Visual Studio Solution File, Format Version 12.00
# Visual Studio Version 17
VisualStudioVersion = 17.1.32414.318
MinimumVisualStudioVersion = 10.0.40219.1
Project("{FAE04EC0-301F-11D3-BF4B-00C04F79EFBC}") = "PresentDataFromFile", "PresentDataFromFile.csproj", "{36187D2C-9DD7-48FD-ACE0-4226621CF9E7}"
EndProject
Global
	GlobalSection(SolutionConfigurationPlatforms) = preSolution
		Debug|Any CPU = Debug|Any CPU
		Release|Any CPU = Release|Any CPU
	EndGlobalSection
	GlobalSection(ProjectConfigurationPlatforms) = postSolution
		{36187D2C-9DD7-48FD-ACE0-4226621CF9E7}.Debug|Any CPU.ActiveCfg = Debug|Any CPU
		{36187D2C-9DD7-48FD-ACE0-4226621CF9E7}.Debug|Any CPU.Build.0 = Debug|Any CPU
		{36187D2C-9DD7-48FD-ACE0-4226621CF9E7}.Release|Any CPU.ActiveCfg = Release|Any CPU
		{36187D2C-9DD7-48FD-ACE0-4226621CF9E7}.Release|Any CPU.Build.0 = Release|Any CPU
	EndGlobalSection
	GlobalSection(SolutionProperties) = preSolution
		HideSolutionNode = FALSE
	EndGlobalSection
	GlobalSection(ExtensibilityGlobals) = postSolution
		SolutionGuid = {8C0928AE-B634-41D1-BA2C-3FA8DD2DE609}
	EndGlobalSection
EndGlobal
